// !$*UTF8*$!
{
	archiveVersion = 1;
	classes = {
	};
	objectVersion = 56;
	objects = {

/* Begin PBXBuildFile section */
		FC8B6C192AD9D93E0027477A /* Squiggle.swift in Sources */ = {isa = PBXBuildFile; fileRef = FC8B6C182AD9D93E0027477A /* Squiggle.swift */; };
		FC8B6C1B2AD9DC970027477A /* Diamond.swift in Sources */ = {isa = PBXBuildFile; fileRef = FC8B6C1A2AD9DC970027477A /* Diamond.swift */; };
		FC8B6C1D2AD9E09F0027477A /* Pill.swift in Sources */ = {isa = PBXBuildFile; fileRef = FC8B6C1C2AD9E09F0027477A /* Pill.swift */; };
		FC8B6C212AD9E98A0027477A /* SetGame.swift in Sources */ = {isa = PBXBuildFile; fileRef = FC8B6C202AD9E98A0027477A /* SetGame.swift */; };
		FC8B6C232AD9E9A50027477A /* SetGameBrain.swift in Sources */ = {isa = PBXBuildFile; fileRef = FC8B6C222AD9E9A50027477A /* SetGameBrain.swift */; };
		FCE2CF332AD9D58A00770B00 /* Project1App.swift in Sources */ = {isa = PBXBuildFile; fileRef = FCE2CF322AD9D58A00770B00 /* Project1App.swift */; };
		FCE2CF352AD9D58A00770B00 /* SetGameView.swift in Sources */ = {isa = PBXBuildFile; fileRef = FCE2CF342AD9D58A00770B00 /* SetGameView.swift */; };
		FCE2CF372AD9D59100770B00 /* Assets.xcassets in Resources */ = {isa = PBXBuildFile; fileRef = FCE2CF362AD9D59100770B00 /* Assets.xcassets */; };
		FCE2CF3A2AD9D59100770B00 /* Preview Assets.xcassets in Resources */ = {isa = PBXBuildFile; fileRef = FCE2CF392AD9D59100770B00 /* Preview Assets.xcassets */; };
		FCE2CF442AD9D59100770B00 /* Project1Tests.swift in Sources */ = {isa = PBXBuildFile; fileRef = FCE2CF432AD9D59100770B00 /* Project1Tests.swift */; };
		FCE2CF4E2AD9D59100770B00 /* Project1UITests.swift in Sources */ = {isa = PBXBuildFile; fileRef = FCE2CF4D2AD9D59100770B00 /* Project1UITests.swift */; };
		FCE2CF502AD9D59100770B00 /* Project1UITestsLaunchTests.swift in Sources */ = {isa = PBXBuildFile; fileRef = FCE2CF4F2AD9D59100770B00 /* Project1UITestsLaunchTests.swift */; };
/* End PBXBuildFile section */

/* Begin PBXContainerItemProxy section */
		FCE2CF402AD9D59100770B00 /* PBXContainerItemProxy */ = {
			isa = PBXContainerItemProxy;
			containerPortal = FCE2CF272AD9D58900770B00 /* Project object */;
			proxyType = 1;
			remoteGlobalIDString = FCE2CF2E2AD9D58A00770B00;
			remoteInfo = Project1;
		};
		FCE2CF4A2AD9D59100770B00 /* PBXContainerItemProxy */ = {
			isa = PBXContainerItemProxy;
			containerPortal = FCE2CF272AD9D58900770B00 /* Project object */;
			proxyType = 1;
			remoteGlobalIDString = FCE2CF2E2AD9D58A00770B00;
			remoteInfo = Project1;
		};
/* End PBXContainerItemProxy section */

/* Begin PBXFileReference section */
		FC8B6C182AD9D93E0027477A /* Squiggle.swift */ = {isa = PBXFileReference; lastKnownFileType = sourcecode.swift; path = Squiggle.swift; sourceTree = "<group>"; };
		FC8B6C1A2AD9DC970027477A /* Diamond.swift */ = {isa = PBXFileReference; lastKnownFileType = sourcecode.swift; path = Diamond.swift; sourceTree = "<group>"; };
		FC8B6C1C2AD9E09F0027477A /* Pill.swift */ = {isa = PBXFileReference; lastKnownFileType = sourcecode.swift; path = Pill.swift; sourceTree = "<group>"; };
		FC8B6C202AD9E98A0027477A /* SetGame.swift */ = {isa = PBXFileReference; lastKnownFileType = sourcecode.swift; path = SetGame.swift; sourceTree = "<group>"; };
		FC8B6C222AD9E9A50027477A /* SetGameBrain.swift */ = {isa = PBXFileReference; lastKnownFileType = sourcecode.swift; path = SetGameBrain.swift; sourceTree = "<group>"; };
		FCE2CF2F2AD9D58A00770B00 /* Project1.app */ = {isa = PBXFileReference; explicitFileType = wrapper.application; includeInIndex = 0; path = Project1.app; sourceTree = BUILT_PRODUCTS_DIR; };
		FCE2CF322AD9D58A00770B00 /* Project1App.swift */ = {isa = PBXFileReference; lastKnownFileType = sourcecode.swift; path = Project1App.swift; sourceTree = "<group>"; };
		FCE2CF342AD9D58A00770B00 /* SetGameView.swift */ = {isa = PBXFileReference; lastKnownFileType = sourcecode.swift; path = SetGameView.swift; sourceTree = "<group>"; };
		FCE2CF362AD9D59100770B00 /* Assets.xcassets */ = {isa = PBXFileReference; lastKnownFileType = folder.assetcatalog; path = Assets.xcassets; sourceTree = "<group>"; };
		FCE2CF392AD9D59100770B00 /* Preview Assets.xcassets */ = {isa = PBXFileReference; lastKnownFileType = folder.assetcatalog; path = "Preview Assets.xcassets"; sourceTree = "<group>"; };
		FCE2CF3F2AD9D59100770B00 /* Project1Tests.xctest */ = {isa = PBXFileReference; explicitFileType = wrapper.cfbundle; includeInIndex = 0; path = Project1Tests.xctest; sourceTree = BUILT_PRODUCTS_DIR; };
		FCE2CF432AD9D59100770B00 /* Project1Tests.swift */ = {isa = PBXFileReference; lastKnownFileType = sourcecode.swift; path = Project1Tests.swift; sourceTree = "<group>"; };
		FCE2CF492AD9D59100770B00 /* Project1UITests.xctest */ = {isa = PBXFileReference; explicitFileType = wrapper.cfbundle; includeInIndex = 0; path = Project1UITests.xctest; sourceTree = BUILT_PRODUCTS_DIR; };
		FCE2CF4D2AD9D59100770B00 /* Project1UITests.swift */ = {isa = PBXFileReference; lastKnownFileType = sourcecode.swift; path = Project1UITests.swift; sourceTree = "<group>"; };
		FCE2CF4F2AD9D59100770B00 /* Project1UITestsLaunchTests.swift */ = {isa = PBXFileReference; lastKnownFileType = sourcecode.swift; path = Project1UITestsLaunchTests.swift; sourceTree = "<group>"; };
/* End PBXFileReference section */

/* Begin PBXFrameworksBuildPhase section */
		FCE2CF2C2AD9D58A00770B00 /* Frameworks */ = {
			isa = PBXFrameworksBuildPhase;
			buildActionMask = 2147483647;
			files = (
			);
			runOnlyForDeploymentPostprocessing = 0;
		};
		FCE2CF3C2AD9D59100770B00 /* Frameworks */ = {
			isa = PBXFrameworksBuildPhase;
			buildActionMask = 2147483647;
			files = (
			);
			runOnlyForDeploymentPostprocessing = 0;
		};
		FCE2CF462AD9D59100770B00 /* Frameworks */ = {
			isa = PBXFrameworksBuildPhase;
			buildActionMask = 2147483647;
			files = (
			);
			runOnlyForDeploymentPostprocessing = 0;
		};
/* End PBXFrameworksBuildPhase section */

/* Begin PBXGroup section */
		FC8B6C152AD9D7BA0027477A /* View */ = {
			isa = PBXGroup;
			children = (
				FCE2CF342AD9D58A00770B00 /* SetGameView.swift */,
				FCE2CF322AD9D58A00770B00 /* Project1App.swift */,
				FC8B6C182AD9D93E0027477A /* Squiggle.swift */,
				FC8B6C1A2AD9DC970027477A /* Diamond.swift */,
				FC8B6C1C2AD9E09F0027477A /* Pill.swift */,
			);
			name = View;
			sourceTree = "<group>";
		};
		FC8B6C162AD9D7C20027477A /* View Model */ = {
			isa = PBXGroup;
			children = (
				FC8B6C202AD9E98A0027477A /* SetGame.swift */,
			);
			name = "View Model";
			sourceTree = "<group>";
		};
		FC8B6C172AD9D7CE0027477A /* Model */ = {
			isa = PBXGroup;
			children = (
				FC8B6C222AD9E9A50027477A /* SetGameBrain.swift */,
			);
			name = Model;
			sourceTree = "<group>";
		};
		FCE2CF262AD9D58900770B00 = {
			isa = PBXGroup;
			children = (
				FCE2CF312AD9D58A00770B00 /* Project1 */,
				FCE2CF422AD9D59100770B00 /* Project1Tests */,
				FCE2CF4C2AD9D59100770B00 /* Project1UITests */,
				FCE2CF302AD9D58A00770B00 /* Products */,
			);
			sourceTree = "<group>";
		};
		FCE2CF302AD9D58A00770B00 /* Products */ = {
			isa = PBXGroup;
			children = (
				FCE2CF2F2AD9D58A00770B00 /* Project1.app */,
				FCE2CF3F2AD9D59100770B00 /* Project1Tests.xctest */,
				FCE2CF492AD9D59100770B00 /* Project1UITests.xctest */,
			);
			name = Products;
			sourceTree = "<group>";
		};
		FCE2CF312AD9D58A00770B00 /* Project1 */ = {
			isa = PBXGroup;
			children = (
				FC8B6C172AD9D7CE0027477A /* Model */,
				FC8B6C162AD9D7C20027477A /* View Model */,
				FC8B6C152AD9D7BA0027477A /* View */,
				FCE2CF362AD9D59100770B00 /* Assets.xcassets */,
				FCE2CF382AD9D59100770B00 /* Preview Content */,
			);
			path = Project1;
			sourceTree = "<group>";
		};
		FCE2CF382AD9D59100770B00 /* Preview Content */ = {
			isa = PBXGroup;
			children = (
				FCE2CF392AD9D59100770B00 /* Preview Assets.xcassets */,
			);
			path = "Preview Content";
			sourceTree = "<group>";
		};
		FCE2CF422AD9D59100770B00 /* Project1Tests */ = {
			isa = PBXGroup;
			children = (
				FCE2CF432AD9D59100770B00 /* Project1Tests.swift */,
			);
			path = Project1Tests;
			sourceTree = "<group>";
		};
		FCE2CF4C2AD9D59100770B00 /* Project1UITests */ = {
			isa = PBXGroup;
			children = (
				FCE2CF4D2AD9D59100770B00 /* Project1UITests.swift */,
				FCE2CF4F2AD9D59100770B00 /* Project1UITestsLaunchTests.swift */,
			);
			path = Project1UITests;
			sourceTree = "<group>";
		};
/* End PBXGroup section */

/* Begin PBXNativeTarget section */
		FCE2CF2E2AD9D58A00770B00 /* Project1 */ = {
			isa = PBXNativeTarget;
			buildConfigurationList = FCE2CF532AD9D59100770B00 /* Build configuration list for PBXNativeTarget "Project1" */;
			buildPhases = (
				FCE2CF2B2AD9D58A00770B00 /* Sources */,
				FCE2CF2C2AD9D58A00770B00 /* Frameworks */,
				FCE2CF2D2AD9D58A00770B00 /* Resources */,
			);
			buildRules = (
			);
			dependencies = (
			);
			name = Project1;
			productName = Project1;
			productReference = FCE2CF2F2AD9D58A00770B00 /* Project1.app */;
			productType = "com.apple.product-type.application";
		};
		FCE2CF3E2AD9D59100770B00 /* Project1Tests */ = {
			isa = PBXNativeTarget;
			buildConfigurationList = FCE2CF562AD9D59100770B00 /* Build configuration list for PBXNativeTarget "Project1Tests" */;
			buildPhases = (
				FCE2CF3B2AD9D59100770B00 /* Sources */,
				FCE2CF3C2AD9D59100770B00 /* Frameworks */,
				FCE2CF3D2AD9D59100770B00 /* Resources */,
			);
			buildRules = (
			);
			dependencies = (
				FCE2CF412AD9D59100770B00 /* PBXTargetDependency */,
			);
			name = Project1Tests;
			productName = Project1Tests;
			productReference = FCE2CF3F2AD9D59100770B00 /* Project1Tests.xctest */;
			productType = "com.apple.product-type.bundle.unit-test";
		};
		FCE2CF482AD9D59100770B00 /* Project1UITests */ = {
			isa = PBXNativeTarget;
			buildConfigurationList = FCE2CF592AD9D59100770B00 /* Build configuration list for PBXNativeTarget "Project1UITests" */;
			buildPhases = (
				FCE2CF452AD9D59100770B00 /* Sources */,
				FCE2CF462AD9D59100770B00 /* Frameworks */,
				FCE2CF472AD9D59100770B00 /* Resources */,
			);
			buildRules = (
			);
			dependencies = (
				FCE2CF4B2AD9D59100770B00 /* PBXTargetDependency */,
			);
			name = Project1UITests;
			productName = Project1UITests;
			productReference = FCE2CF492AD9D59100770B00 /* Project1UITests.xctest */;
			productType = "com.apple.product-type.bundle.ui-testing";
		};
/* End PBXNativeTarget section */

/* Begin PBXProject section */
		FCE2CF272AD9D58900770B00 /* Project object */ = {
			isa = PBXProject;
			attributes = {
				BuildIndependentTargetsInParallel = 1;
				LastSwiftUpdateCheck = 1500;
				LastUpgradeCheck = 1500;
				TargetAttributes = {
					FCE2CF2E2AD9D58A00770B00 = {
						CreatedOnToolsVersion = 15.0;
					};
					FCE2CF3E2AD9D59100770B00 = {
						CreatedOnToolsVersion = 15.0;
						TestTargetID = FCE2CF2E2AD9D58A00770B00;
					};
					FCE2CF482AD9D59100770B00 = {
						CreatedOnToolsVersion = 15.0;
						TestTargetID = FCE2CF2E2AD9D58A00770B00;
					};
				};
			};
			buildConfigurationList = FCE2CF2A2AD9D58900770B00 /* Build configuration list for PBXProject "Project1" */;
			compatibilityVersion = "Xcode 14.0";
			developmentRegion = en;
			hasScannedForEncodings = 0;
			knownRegions = (
				en,
				Base,
			);
			mainGroup = FCE2CF262AD9D58900770B00;
			productRefGroup = FCE2CF302AD9D58A00770B00 /* Products */;
			projectDirPath = "";
			projectRoot = "";
			targets = (
				FCE2CF2E2AD9D58A00770B00 /* Project1 */,
				FCE2CF3E2AD9D59100770B00 /* Project1Tests */,
				FCE2CF482AD9D59100770B00 /* Project1UITests */,
			);
		};
/* End PBXProject section */

/* Begin PBXResourcesBuildPhase section */
		FCE2CF2D2AD9D58A00770B00 /* Resources */ = {
			isa = PBXResourcesBuildPhase;
			buildActionMask = 2147483647;
			files = (
				FCE2CF3A2AD9D59100770B00 /* Preview Assets.xcassets in Resources */,
				FCE2CF372AD9D59100770B00 /* Assets.xcassets in Resources */,
			);
			runOnlyForDeploymentPostprocessing = 0;
		};
		FCE2CF3D2AD9D59100770B00 /* Resources */ = {
			isa = PBXResourcesBuildPhase;
			buildActionMask = 2147483647;
			files = (
			);
			runOnlyForDeploymentPostprocessing = 0;
		};
		FCE2CF472AD9D59100770B00 /* Resources */ = {
			isa = PBXResourcesBuildPhase;
			buildActionMask = 2147483647;
			files = (
			);
			runOnlyForDeploymentPostprocessing = 0;
		};
/* End PBXResourcesBuildPhase section */

/* Begin PBXSourcesBuildPhase section */
		FCE2CF2B2AD9D58A00770B00 /* Sources */ = {
			isa = PBXSourcesBuildPhase;
			buildActionMask = 2147483647;
			files = (
				FC8B6C1B2AD9DC970027477A /* Diamond.swift in Sources */,
				FC8B6C192AD9D93E0027477A /* Squiggle.swift in Sources */,
				FCE2CF352AD9D58A00770B00 /* SetGameView.swift in Sources */,
				FC8B6C1D2AD9E09F0027477A /* Pill.swift in Sources */,
				FCE2CF332AD9D58A00770B00 /* Project1App.swift in Sources */,
				FC8B6C212AD9E98A0027477A /* SetGame.swift in Sources */,
				FC8B6C232AD9E9A50027477A /* SetGameBrain.swift in Sources */,
			);
			runOnlyForDeploymentPostprocessing = 0;
		};
		FCE2CF3B2AD9D59100770B00 /* Sources */ = {
			isa = PBXSourcesBuildPhase;
			buildActionMask = 2147483647;
			files = (
				FCE2CF442AD9D59100770B00 /* Project1Tests.swift in Sources */,
			);
			runOnlyForDeploymentPostprocessing = 0;
		};
		FCE2CF452AD9D59100770B00 /* Sources */ = {
			isa = PBXSourcesBuildPhase;
			buildActionMask = 2147483647;
			files = (
				FCE2CF502AD9D59100770B00 /* Project1UITestsLaunchTests.swift in Sources */,
				FCE2CF4E2AD9D59100770B00 /* Project1UITests.swift in Sources */,
			);
			runOnlyForDeploymentPostprocessing = 0;
		};
/* End PBXSourcesBuildPhase section */

/* Begin PBXTargetDependency section */
		FCE2CF412AD9D59100770B00 /* PBXTargetDependency */ = {
			isa = PBXTargetDependency;
			target = FCE2CF2E2AD9D58A00770B00 /* Project1 */;
			targetProxy = FCE2CF402AD9D59100770B00 /* PBXContainerItemProxy */;
		};
		FCE2CF4B2AD9D59100770B00 /* PBXTargetDependency */ = {
			isa = PBXTargetDependency;
			target = FCE2CF2E2AD9D58A00770B00 /* Project1 */;
			targetProxy = FCE2CF4A2AD9D59100770B00 /* PBXContainerItemProxy */;
		};
/* End PBXTargetDependency section */

/* Begin XCBuildConfiguration section */
		FCE2CF512AD9D59100770B00 /* Debug */ = {
			isa = XCBuildConfiguration;
			buildSettings = {
				ALWAYS_SEARCH_USER_PATHS = NO;
				ASSETCATALOG_COMPILER_GENERATE_SWIFT_ASSET_SYMBOL_EXTENSIONS = YES;
				CLANG_ANALYZER_NONNULL = YES;
				CLANG_ANALYZER_NUMBER_OBJECT_CONVERSION = YES_AGGRESSIVE;
				CLANG_CXX_LANGUAGE_STANDARD = "gnu++20";
				CLANG_ENABLE_MODULES = YES;
				CLANG_ENABLE_OBJC_ARC = YES;
				CLANG_ENABLE_OBJC_WEAK = YES;
				CLANG_WARN_BLOCK_CAPTURE_AUTORELEASING = YES;
				CLANG_WARN_BOOL_CONVERSION = YES;
				CLANG_WARN_COMMA = YES;
				CLANG_WARN_CONSTANT_CONVERSION = YES;
				CLANG_WARN_DEPRECATED_OBJC_IMPLEMENTATIONS = YES;
				CLANG_WARN_DIRECT_OBJC_ISA_USAGE = YES_ERROR;
				CLANG_WARN_DOCUMENTATION_COMMENTS = YES;
				CLANG_WARN_EMPTY_BODY = YES;
				CLANG_WARN_ENUM_CONVERSION = YES;
				CLANG_WARN_INFINITE_RECURSION = YES;
				CLANG_WARN_INT_CONVERSION = YES;
				CLANG_WARN_NON_LITERAL_NULL_CONVERSION = YES;
				CLANG_WARN_OBJC_IMPLICIT_RETAIN_SELF = YES;
				CLANG_WARN_OBJC_LITERAL_CONVERSION = YES;
				CLANG_WARN_OBJC_ROOT_CLASS = YES_ERROR;
				CLANG_WARN_QUOTED_INCLUDE_IN_FRAMEWORK_HEADER = YES;
				CLANG_WARN_RANGE_LOOP_ANALYSIS = YES;
				CLANG_WARN_STRICT_PROTOTYPES = YES;
				CLANG_WARN_SUSPICIOUS_MOVE = YES;
				CLANG_WARN_UNGUARDED_AVAILABILITY = YES_AGGRESSIVE;
				CLANG_WARN_UNREACHABLE_CODE = YES;
				CLANG_WARN__DUPLICATE_METHOD_MATCH = YES;
				COPY_PHASE_STRIP = NO;
				DEBUG_INFORMATION_FORMAT = dwarf;
				ENABLE_STRICT_OBJC_MSGSEND = YES;
				ENABLE_TESTABILITY = YES;
				ENABLE_USER_SCRIPT_SANDBOXING = YES;
				GCC_C_LANGUAGE_STANDARD = gnu17;
				GCC_DYNAMIC_NO_PIC = NO;
				GCC_NO_COMMON_BLOCKS = YES;
				GCC_OPTIMIZATION_LEVEL = 0;
				GCC_PREPROCESSOR_DEFINITIONS = (
					"DEBUG=1",
					"$(inherited)",
				);
				GCC_WARN_64_TO_32_BIT_CONVERSION = YES;
				GCC_WARN_ABOUT_RETURN_TYPE = YES_ERROR;
				GCC_WARN_UNDECLARED_SELECTOR = YES;
				GCC_WARN_UNINITIALIZED_AUTOS = YES_AGGRESSIVE;
				GCC_WARN_UNUSED_FUNCTION = YES;
				GCC_WARN_UNUSED_VARIABLE = YES;
				IPHONEOS_DEPLOYMENT_TARGET = 17.0;
				LOCALIZATION_PREFERS_STRING_CATALOGS = YES;
				MTL_ENABLE_DEBUG_INFO = INCLUDE_SOURCE;
				MTL_FAST_MATH = YES;
				ONLY_ACTIVE_ARCH = YES;
				SDKROOT = iphoneos;
				SWIFT_ACTIVE_COMPILATION_CONDITIONS = "DEBUG $(inherited)";
				SWIFT_OPTIMIZATION_LEVEL = "-Onone";
			};
			name = Debug;
		};
		FCE2CF522AD9D59100770B00 /* Release */ = {
			isa = XCBuildConfiguration;
			buildSettings = {
				ALWAYS_SEARCH_USER_PATHS = NO;
				ASSETCATALOG_COMPILER_GENERATE_SWIFT_ASSET_SYMBOL_EXTENSIONS = YES;
				CLANG_ANALYZER_NONNULL = YES;
				CLANG_ANALYZER_NUMBER_OBJECT_CONVERSION = YES_AGGRESSIVE;
				CLANG_CXX_LANGUAGE_STANDARD = "gnu++20";
				CLANG_ENABLE_MODULES = YES;
				CLANG_ENABLE_OBJC_ARC = YES;
				CLANG_ENABLE_OBJC_WEAK = YES;
				CLANG_WARN_BLOCK_CAPTURE_AUTORELEASING = YES;
				CLANG_WARN_BOOL_CONVERSION = YES;
				CLANG_WARN_COMMA = YES;
				CLANG_WARN_CONSTANT_CONVERSION = YES;
				CLANG_WARN_DEPRECATED_OBJC_IMPLEMENTATIONS = YES;
				CLANG_WARN_DIRECT_OBJC_ISA_USAGE = YES_ERROR;
				CLANG_WARN_DOCUMENTATION_COMMENTS = YES;
				CLANG_WARN_EMPTY_BODY = YES;
				CLANG_WARN_ENUM_CONVERSION = YES;
				CLANG_WARN_INFINITE_RECURSION = YES;
				CLANG_WARN_INT_CONVERSION = YES;
				CLANG_WARN_NON_LITERAL_NULL_CONVERSION = YES;
				CLANG_WARN_OBJC_IMPLICIT_RETAIN_SELF = YES;
				CLANG_WARN_OBJC_LITERAL_CONVERSION = YES;
				CLANG_WARN_OBJC_ROOT_CLASS = YES_ERROR;
				CLANG_WARN_QUOTED_INCLUDE_IN_FRAMEWORK_HEADER = YES;
				CLANG_WARN_RANGE_LOOP_ANALYSIS = YES;
				CLANG_WARN_STRICT_PROTOTYPES = YES;
				CLANG_WARN_SUSPICIOUS_MOVE = YES;
				CLANG_WARN_UNGUARDED_AVAILABILITY = YES_AGGRESSIVE;
				CLANG_WARN_UNREACHABLE_CODE = YES;
				CLANG_WARN__DUPLICATE_METHOD_MATCH = YES;
				COPY_PHASE_STRIP = NO;
				DEBUG_INFORMATION_FORMAT = "dwarf-with-dsym";
				ENABLE_NS_ASSERTIONS = NO;
				ENABLE_STRICT_OBJC_MSGSEND = YES;
				ENABLE_USER_SCRIPT_SANDBOXING = YES;
				GCC_C_LANGUAGE_STANDARD = gnu17;
				GCC_NO_COMMON_BLOCKS = YES;
				GCC_WARN_64_TO_32_BIT_CONVERSION = YES;
				GCC_WARN_ABOUT_RETURN_TYPE = YES_ERROR;
				GCC_WARN_UNDECLARED_SELECTOR = YES;
				GCC_WARN_UNINITIALIZED_AUTOS = YES_AGGRESSIVE;
				GCC_WARN_UNUSED_FUNCTION = YES;
				GCC_WARN_UNUSED_VARIABLE = YES;
				IPHONEOS_DEPLOYMENT_TARGET = 17.0;
				LOCALIZATION_PREFERS_STRING_CATALOGS = YES;
				MTL_ENABLE_DEBUG_INFO = NO;
				MTL_FAST_MATH = YES;
				SDKROOT = iphoneos;
				SWIFT_COMPILATION_MODE = wholemodule;
				VALIDATE_PRODUCT = YES;
			};
			name = Release;
		};
		FCE2CF542AD9D59100770B00 /* Debug */ = {
			isa = XCBuildConfiguration;
			buildSettings = {
				ASSETCATALOG_COMPILER_APPICON_NAME = AppIcon;
				ASSETCATALOG_COMPILER_GLOBAL_ACCENT_COLOR_NAME = AccentColor;
				CODE_SIGN_STYLE = Automatic;
				CURRENT_PROJECT_VERSION = 1;
				DEVELOPMENT_ASSET_PATHS = "\"Project1/Preview Content\"";
				DEVELOPMENT_TEAM = X6HD2Z8AT6;
				ENABLE_PREVIEWS = YES;
				GENERATE_INFOPLIST_FILE = YES;
				INFOPLIST_KEY_UIApplicationSceneManifest_Generation = YES;
				INFOPLIST_KEY_UIApplicationSupportsIndirectInputEvents = YES;
				INFOPLIST_KEY_UILaunchScreen_Generation = YES;
				INFOPLIST_KEY_UISupportedInterfaceOrientations_iPad = "UIInterfaceOrientationPortrait UIInterfaceOrientationPortraitUpsideDown UIInterfaceOrientationLandscapeLeft UIInterfaceOrientationLandscapeRight";
				INFOPLIST_KEY_UISupportedInterfaceOrientations_iPhone = "UIInterfaceOrientationPortrait UIInterfaceOrientationLandscapeLeft UIInterfaceOrientationLandscapeRight";
				LD_RUNPATH_SEARCH_PATHS = (
					"$(inherited)",
					"@executable_path/Frameworks",
				);
				MARKETING_VERSION = 1.0;
				PRODUCT_BUNDLE_IDENTIFIER = emmajoi.Project1;
				PRODUCT_NAME = "$(TARGET_NAME)";
				SWIFT_EMIT_LOC_STRINGS = YES;
				SWIFT_VERSION = 5.0;
				TARGETED_DEVICE_FAMILY = "1,2";
			};
			name = Debug;
		};
		FCE2CF552AD9D59100770B00 /* Release */ = {
			isa = XCBuildConfiguration;
			buildSettings = {
				ASSETCATALOG_COMPILER_APPICON_NAME = AppIcon;
				ASSETCATALOG_COMPILER_GLOBAL_ACCENT_COLOR_NAME = AccentColor;
				CODE_SIGN_STYLE = Automatic;
				CURRENT_PROJECT_VERSION = 1;
				DEVELOPMENT_ASSET_PATHS = "\"Project1/Preview Content\"";
				DEVELOPMENT_TEAM = X6HD2Z8AT6;
				ENABLE_PREVIEWS = YES;
				GENERATE_INFOPLIST_FILE = YES;
				INFOPLIST_KEY_UIApplicationSceneManifest_Generation = YES;
				INFOPLIST_KEY_UIApplicationSupportsIndirectInputEvents = YES;
				INFOPLIST_KEY_UILaunchScreen_Generation = YES;
				INFOPLIST_KEY_UISupportedInterfaceOrientations_iPad = "UIInterfaceOrientationPortrait UIInterfaceOrientationPortraitUpsideDown UIInterfaceOrientationLandscapeLeft UIInterfaceOrientationLandscapeRight";
				INFOPLIST_KEY_UISupportedInterfaceOrientations_iPhone = "UIInterfaceOrientationPortrait UIInterfaceOrientationLandscapeLeft UIInterfaceOrientationLandscapeRight";
				LD_RUNPATH_SEARCH_PATHS = (
					"$(inherited)",
					"@executable_path/Frameworks",
				);
				MARKETING_VERSION = 1.0;
				PRODUCT_BUNDLE_IDENTIFIER = emmajoi.Project1;
				PRODUCT_NAME = "$(TARGET_NAME)";
				SWIFT_EMIT_LOC_STRINGS = YES;
				SWIFT_VERSION = 5.0;
				TARGETED_DEVICE_FAMILY = "1,2";
			};
			name = Release;
		};
		FCE2CF572AD9D59100770B00 /* Debug */ = {
			isa = XCBuildConfiguration;
			buildSettings = {
				ALWAYS_EMBED_SWIFT_STANDARD_LIBRARIES = YES;
				BUNDLE_LOADER = "$(TEST_HOST)";
				CODE_SIGN_STYLE = Automatic;
				CURRENT_PROJECT_VERSION = 1;
				DEVELOPMENT_TEAM = X6HD2Z8AT6;
				GENERATE_INFOPLIST_FILE = YES;
				IPHONEOS_DEPLOYMENT_TARGET = 17.0;
				MARKETING_VERSION = 1.0;
				PRODUCT_BUNDLE_IDENTIFIER = emmajoi.Project1Tests;
				PRODUCT_NAME = "$(TARGET_NAME)";
				SWIFT_EMIT_LOC_STRINGS = NO;
				SWIFT_VERSION = 5.0;
				TARGETED_DEVICE_FAMILY = "1,2";
				TEST_HOST = "$(BUILT_PRODUCTS_DIR)/Project1.app/$(BUNDLE_EXECUTABLE_FOLDER_PATH)/Project1";
			};
			name = Debug;
		};
		FCE2CF582AD9D59100770B00 /* Release */ = {
			isa = XCBuildConfiguration;
			buildSettings = {
				ALWAYS_EMBED_SWIFT_STANDARD_LIBRARIES = YES;
				BUNDLE_LOADER = "$(TEST_HOST)";
				CODE_SIGN_STYLE = Automatic;
				CURRENT_PROJECT_VERSION = 1;
				DEVELOPMENT_TEAM = X6HD2Z8AT6;
				GENERATE_INFOPLIST_FILE = YES;
				IPHONEOS_DEPLOYMENT_TARGET = 17.0;
				MARKETING_VERSION = 1.0;
				PRODUCT_BUNDLE_IDENTIFIER = emmajoi.Project1Tests;
				PRODUCT_NAME = "$(TARGET_NAME)";
				SWIFT_EMIT_LOC_STRINGS = NO;
				SWIFT_VERSION = 5.0;
				TARGETED_DEVICE_FAMILY = "1,2";
				TEST_HOST = "$(BUILT_PRODUCTS_DIR)/Project1.app/$(BUNDLE_EXECUTABLE_FOLDER_PATH)/Project1";
			};
			name = Release;
		};
		FCE2CF5A2AD9D59100770B00 /* Debug */ = {
			isa = XCBuildConfiguration;
			buildSettings = {
				ALWAYS_EMBED_SWIFT_STANDARD_LIBRARIES = YES;
				CODE_SIGN_STYLE = Automatic;
				CURRENT_PROJECT_VERSION = 1;
				DEVELOPMENT_TEAM = X6HD2Z8AT6;
				GENERATE_INFOPLIST_FILE = YES;
				MARKETING_VERSION = 1.0;
				PRODUCT_BUNDLE_IDENTIFIER = emmajoi.Project1UITests;
				PRODUCT_NAME = "$(TARGET_NAME)";
				SWIFT_EMIT_LOC_STRINGS = NO;
				SWIFT_VERSION = 5.0;
				TARGETED_DEVICE_FAMILY = "1,2";
				TEST_TARGET_NAME = Project1;
			};
			name = Debug;
		};
		FCE2CF5B2AD9D59100770B00 /* Release */ = {
			isa = XCBuildConfiguration;
			buildSettings = {
				ALWAYS_EMBED_SWIFT_STANDARD_LIBRARIES = YES;
				CODE_SIGN_STYLE = Automatic;
				CURRENT_PROJECT_VERSION = 1;
				DEVELOPMENT_TEAM = X6HD2Z8AT6;
				GENERATE_INFOPLIST_FILE = YES;
				MARKETING_VERSION = 1.0;
				PRODUCT_BUNDLE_IDENTIFIER = emmajoi.Project1UITests;
				PRODUCT_NAME = "$(TARGET_NAME)";
				SWIFT_EMIT_LOC_STRINGS = NO;
				SWIFT_VERSION = 5.0;
				TARGETED_DEVICE_FAMILY = "1,2";
				TEST_TARGET_NAME = Project1;
			};
			name = Release;
		};
/* End XCBuildConfiguration section */

/* Begin XCConfigurationList section */
		FCE2CF2A2AD9D58900770B00 /* Build configuration list for PBXProject "Project1" */ = {
			isa = XCConfigurationList;
			buildConfigurations = (
				FCE2CF512AD9D59100770B00 /* Debug */,
				FCE2CF522AD9D59100770B00 /* Release */,
			);
			defaultConfigurationIsVisible = 0;
			defaultConfigurationName = Release;
		};
		FCE2CF532AD9D59100770B00 /* Build configuration list for PBXNativeTarget "Project1" */ = {
			isa = XCConfigurationList;
			buildConfigurations = (
				FCE2CF542AD9D59100770B00 /* Debug */,
				FCE2CF552AD9D59100770B00 /* Release */,
			);
			defaultConfigurationIsVisible = 0;
			defaultConfigurationName = Release;
		};
		FCE2CF562AD9D59100770B00 /* Build configuration list for PBXNativeTarget "Project1Tests" */ = {
			isa = XCConfigurationList;
			buildConfigurations = (
				FCE2CF572AD9D59100770B00 /* Debug */,
				FCE2CF582AD9D59100770B00 /* Release */,
			);
			defaultConfigurationIsVisible = 0;
			defaultConfigurationName = Release;
		};
		FCE2CF592AD9D59100770B00 /* Build configuration list for PBXNativeTarget "Project1UITests" */ = {
			isa = XCConfigurationList;
			buildConfigurations = (
				FCE2CF5A2AD9D59100770B00 /* Debug */,
				FCE2CF5B2AD9D59100770B00 /* Release */,
			);
			defaultConfigurationIsVisible = 0;
			defaultConfigurationName = Release;
		};
/* End XCConfigurationList section */
	};
	rootObject = FCE2CF272AD9D58900770B00 /* Project object */;
}
